
Microsoft Visual Studio Solution File, Format Version 12.00
# Visual Studio Version 16
VisualStudioVersion = 16.0.30114.128
MinimumVisualStudioVersion = 10.0.40219.1
Project("{FAE04EC0-301F-11D3-BF4B-00C04F79EFBC}") = "BlazorApp1", "BlazorApp1\BlazorApp1.csproj", "{7465D560-1EF6-4387-B09D-6823478BCF5E}"
EndProject
Global
	GlobalSection(SolutionConfigurationPlatforms) = preSolution
		Debug|Any CPU = Debug|Any CPU
		Release|Any CPU = Release|Any CPU
	EndGlobalSection
	GlobalSection(ProjectConfigurationPlatforms) = postSolution
		{7465D560-1EF6-4387-B09D-6823478BCF5E}.Debug|Any CPU.ActiveCfg = Debug|Any CPU
		{7465D560-1EF6-4387-B09D-6823478BCF5E}.Debug|Any CPU.Build.0 = Debug|Any CPU
		{7465D560-1EF6-4387-B09D-6823478BCF5E}.Release|Any CPU.ActiveCfg = Release|Any CPU
		{7465D560-1EF6-4387-B09D-6823478BCF5E}.Release|Any CPU.Build.0 = Release|Any CPU
	EndGlobalSection
	GlobalSection(SolutionProperties) = preSolution
		HideSolutionNode = FALSE
	EndGlobalSection
	GlobalSection(ExtensibilityGlobals) = postSolution
		SolutionGuid = {7F16DE7A-CDC4-4549-84B6-E9632AE92386}
	EndGlobalSection
EndGlobal
